
Microsoft Visual Studio Solution File, Format Version 11.00
# Visual Studio 2010
Project("{2150E333-8FDC-42A3-9474-1A3956D46DE8}") = "SingletonBug", "SingletonBug", "{69E8C01E-CDFB-47DF-A64D-3F024F2926B6}"
	ProjectSection(SolutionItems) = preProject
		SingletonBug\HowToReproduce.txt = SingletonBug\HowToReproduce.txt
	EndProjectSection
EndProject
Project("{FAE04EC0-301F-11D3-BF4B-00C04F79EFBC}") = "App", "SingletonBug\App\App.csproj", "{A7AD8B12-7800-447C-BD19-E88C2CE3256B}"
EndProject
Project("{2150E333-8FDC-42A3-9474-1A3956D46DE8}") = "StaticResourcesFromParentProject", "StaticResourcesFromParentProject", "{EC912EA7-1929-489D-AA1D-F78A05B4FEEF}"
	ProjectSection(SolutionItems) = preProject
		StaticResourcesFromParentProject\HowToReproduce.txt = StaticResourcesFromParentProject\HowToReproduce.txt
	EndProjectSection
EndProject
Project("{FAE04EC0-301F-11D3-BF4B-00C04F79EFBC}") = "Application", "StaticResourcesFromParentProject\Application\Application.csproj", "{6DFBB3FC-D524-48F8-A3AB-1DBED5EA7B94}"
EndProject
Project("{FAE04EC0-301F-11D3-BF4B-00C04F79EFBC}") = "LibraryWithViews", "StaticResourcesFromParentProject\LibraryWithViews\LibraryWithViews.csproj", "{81876DB2-6A3A-4444-B333-2DA8361037B0}"
EndProject
Global
	GlobalSection(SolutionConfigurationPlatforms) = preSolution
		Debug|Any CPU = Debug|Any CPU
		Debug|Mixed Platforms = Debug|Mixed Platforms
		Debug|x86 = Debug|x86
		Release|Any CPU = Release|Any CPU
		Release|Mixed Platforms = Release|Mixed Platforms
		Release|x86 = Release|x86
	EndGlobalSection
	GlobalSection(ProjectConfigurationPlatforms) = postSolution
		{A7AD8B12-7800-447C-BD19-E88C2CE3256B}.Debug|Any CPU.ActiveCfg = Debug|x86
		{A7AD8B12-7800-447C-BD19-E88C2CE3256B}.Debug|Mixed Platforms.ActiveCfg = Debug|x86
		{A7AD8B12-7800-447C-BD19-E88C2CE3256B}.Debug|Mixed Platforms.Build.0 = Debug|x86
		{A7AD8B12-7800-447C-BD19-E88C2CE3256B}.Debug|x86.ActiveCfg = Debug|x86
		{A7AD8B12-7800-447C-BD19-E88C2CE3256B}.Debug|x86.Build.0 = Debug|x86
		{A7AD8B12-7800-447C-BD19-E88C2CE3256B}.Release|Any CPU.ActiveCfg = Release|x86
		{A7AD8B12-7800-447C-BD19-E88C2CE3256B}.Release|Mixed Platforms.ActiveCfg = Release|x86
		{A7AD8B12-7800-447C-BD19-E88C2CE3256B}.Release|Mixed Platforms.Build.0 = Release|x86
		{A7AD8B12-7800-447C-BD19-E88C2CE3256B}.Release|x86.ActiveCfg = Release|x86
		{A7AD8B12-7800-447C-BD19-E88C2CE3256B}.Release|x86.Build.0 = Release|x86
		{6DFBB3FC-D524-48F8-A3AB-1DBED5EA7B94}.Debug|Any CPU.ActiveCfg = Debug|x86
		{6DFBB3FC-D524-48F8-A3AB-1DBED5EA7B94}.Debug|Mixed Platforms.ActiveCfg = Debug|x86
		{6DFBB3FC-D524-48F8-A3AB-1DBED5EA7B94}.Debug|Mixed Platforms.Build.0 = Debug|x86
		{6DFBB3FC-D524-48F8-A3AB-1DBED5EA7B94}.Debug|x86.ActiveCfg = Debug|x86
		{6DFBB3FC-D524-48F8-A3AB-1DBED5EA7B94}.Debug|x86.Build.0 = Debug|x86
		{6DFBB3FC-D524-48F8-A3AB-1DBED5EA7B94}.Release|Any CPU.ActiveCfg = Release|x86
		{6DFBB3FC-D524-48F8-A3AB-1DBED5EA7B94}.Release|Mixed Platforms.ActiveCfg = Release|x86
		{6DFBB3FC-D524-48F8-A3AB-1DBED5EA7B94}.Release|Mixed Platforms.Build.0 = Release|x86
		{6DFBB3FC-D524-48F8-A3AB-1DBED5EA7B94}.Release|x86.ActiveCfg = Release|x86
		{6DFBB3FC-D524-48F8-A3AB-1DBED5EA7B94}.Release|x86.Build.0 = Release|x86
		{81876DB2-6A3A-4444-B333-2DA8361037B0}.Debug|Any CPU.ActiveCfg = Debug|Any CPU
		{81876DB2-6A3A-4444-B333-2DA8361037B0}.Debug|Any CPU.Build.0 = Debug|Any CPU
		{81876DB2-6A3A-4444-B333-2DA8361037B0}.Debug|Mixed Platforms.ActiveCfg = Debug|Any CPU
		{81876DB2-6A3A-4444-B333-2DA8361037B0}.Debug|Mixed Platforms.Build.0 = Debug|Any CPU
		{81876DB2-6A3A-4444-B333-2DA8361037B0}.Debug|x86.ActiveCfg = Debug|Any CPU
		{81876DB2-6A3A-4444-B333-2DA8361037B0}.Release|Any CPU.ActiveCfg = Release|Any CPU
		{81876DB2-6A3A-4444-B333-2DA8361037B0}.Release|Any CPU.Build.0 = Release|Any CPU
		{81876DB2-6A3A-4444-B333-2DA8361037B0}.Release|Mixed Platforms.ActiveCfg = Release|Any CPU
		{81876DB2-6A3A-4444-B333-2DA8361037B0}.Release|Mixed Platforms.Build.0 = Release|Any CPU
		{81876DB2-6A3A-4444-B333-2DA8361037B0}.Release|x86.ActiveCfg = Release|Any CPU
	EndGlobalSection
	GlobalSection(SolutionProperties) = preSolution
		HideSolutionNode = FALSE
	EndGlobalSection
	GlobalSection(NestedProjects) = preSolution
		{A7AD8B12-7800-447C-BD19-E88C2CE3256B} = {69E8C01E-CDFB-47DF-A64D-3F024F2926B6}
		{6DFBB3FC-D524-48F8-A3AB-1DBED5EA7B94} = {EC912EA7-1929-489D-AA1D-F78A05B4FEEF}
		{81876DB2-6A3A-4444-B333-2DA8361037B0} = {EC912EA7-1929-489D-AA1D-F78A05B4FEEF}
	EndGlobalSection
EndGlobal
